
Microsoft Visual Studio Solution File, Format Version 12.00
# Visual Studio 15
VisualStudioVersion = 15.0.27004.2005
MinimumVisualStudioVersion = 10.0.40219.1
Project("{FAE04EC0-301F-11D3-BF4B-00C04F79EFBC}") = "AflTeams.web", "AflTeams.web\AflTeams.web.csproj", "{B3008CEA-9EA4-4283-B497-D26452F8A2CD}"
EndProject
Global
	GlobalSection(SolutionConfigurationPlatforms) = preSolution
		Debug|Any CPU = Debug|Any CPU
		Release|Any CPU = Release|Any CPU
	EndGlobalSection
	GlobalSection(ProjectConfigurationPlatforms) = postSolution
		{B3008CEA-9EA4-4283-B497-D26452F8A2CD}.Debug|Any CPU.ActiveCfg = Debug|Any CPU
		{B3008CEA-9EA4-4283-B497-D26452F8A2CD}.Debug|Any CPU.Build.0 = Debug|Any CPU
		{B3008CEA-9EA4-4283-B497-D26452F8A2CD}.Release|Any CPU.ActiveCfg = Release|Any CPU
		{B3008CEA-9EA4-4283-B497-D26452F8A2CD}.Release|Any CPU.Build.0 = Release|Any CPU
	EndGlobalSection
	GlobalSection(SolutionProperties) = preSolution
		HideSolutionNode = FALSE
	EndGlobalSection
	GlobalSection(ExtensibilityGlobals) = postSolution
		SolutionGuid = {B6BCF14A-7D57-410F-9829-F30D5544A2BF}
	EndGlobalSection
EndGlobal
